Microsoft Visual Studio Solution File, Format Version 12.00
# Visual Studio Version 17
VisualStudioVersion = 17.5.2.0
MinimumVisualStudioVersion = 10.0.40219.1
Project("{FAE04EC0-301F-11D3-BF4B-00C04F79EFBC}") = "Jellyfin.Plugin.LanguageFlags", "Jellyfin.Plugin.LanguageFlags.csproj", "{34DEC852-CF79-0912-9685-694ADB041912}"
EndProject
Global
	GlobalSection(SolutionConfigurationPlatforms) = preSolution
		Debug|Any CPU = Debug|Any CPU
		Release|Any CPU = Release|Any CPU
	EndGlobalSection
	GlobalSection(ProjectConfigurationPlatforms) = postSolution
		{34DEC852-CF79-0912-9685-694ADB041912}.Debug|Any CPU.ActiveCfg = Debug|Any CPU
		{34DEC852-CF79-0912-9685-694ADB041912}.Debug|Any CPU.Build.0 = Debug|Any CPU
		{34DEC852-CF79-0912-9685-694ADB041912}.Release|Any CPU.ActiveCfg = Release|Any CPU
		{34DEC852-CF79-0912-9685-694ADB041912}.Release|Any CPU.Build.0 = Release|Any CPU
	EndGlobalSection
	GlobalSection(SolutionProperties) = preSolution
		HideSolutionNode = FALSE
	EndGlobalSection
	GlobalSection(ExtensibilityGlobals) = postSolution
		SolutionGuid = {B6492E94-DA4C-44BC-A536-45CAECC655DA}
	EndGlobalSection
EndGlobal
